{
  "object": {
    "pins": [
      {
        "package": "Rainbow",
        "repositoryURL": "https://github.com/onevcat/Rainbow.git",
        "state": {
          "branch": null,
          "revision": "626c3d4b6b55354b4af3aa309f998fae9b31a3d9",
          "version": "3.2.0"
        }
      }
    ]
  },
  "version": 1
}
